
Microsoft Visual Studio Solution File, Format Version 12.00
# Visual Studio Version 16
VisualStudioVersion = 16.0.30114.105
MinimumVisualStudioVersion = 10.0.40219.1
Project("{9A19103F-16F7-4668-BE54-9A1E7A4F7556}") = "CovidComponent", "CovidComponent.csproj", "{5C7CD009-FC5F-4C4D-8DD4-CC27FF83606B}"
EndProject
Project("{FAE04EC0-301F-11D3-BF4B-00C04F79EFBC}") = "CovidComponentUnitTest", "..\CovidComponentUnitTest\CovidComponentUnitTest.csproj", "{73537AE4-ECEB-4EAA-AEB1-DF83AB1254D9}"
EndProject
Global
	GlobalSection(SolutionConfigurationPlatforms) = preSolution
		Debug|Any CPU = Debug|Any CPU
		Release|Any CPU = Release|Any CPU
	EndGlobalSection
	GlobalSection(ProjectConfigurationPlatforms) = postSolution
		{5C7CD009-FC5F-4C4D-8DD4-CC27FF83606B}.Debug|Any CPU.ActiveCfg = Debug|Any CPU
		{5C7CD009-FC5F-4C4D-8DD4-CC27FF83606B}.Debug|Any CPU.Build.0 = Debug|Any CPU
		{5C7CD009-FC5F-4C4D-8DD4-CC27FF83606B}.Release|Any CPU.ActiveCfg = Release|Any CPU
		{5C7CD009-FC5F-4C4D-8DD4-CC27FF83606B}.Release|Any CPU.Build.0 = Release|Any CPU
		{73537AE4-ECEB-4EAA-AEB1-DF83AB1254D9}.Debug|Any CPU.ActiveCfg = Debug|Any CPU
		{73537AE4-ECEB-4EAA-AEB1-DF83AB1254D9}.Debug|Any CPU.Build.0 = Debug|Any CPU
		{73537AE4-ECEB-4EAA-AEB1-DF83AB1254D9}.Release|Any CPU.ActiveCfg = Release|Any CPU
		{73537AE4-ECEB-4EAA-AEB1-DF83AB1254D9}.Release|Any CPU.Build.0 = Release|Any CPU
	EndGlobalSection
	GlobalSection(SolutionProperties) = preSolution
		HideSolutionNode = FALSE
	EndGlobalSection
	GlobalSection(ExtensibilityGlobals) = postSolution
		SolutionGuid = {1F46ED63-05D2-4186-B8BD-E94057B42475}
	EndGlobalSection
EndGlobal
